<?xml version="1.0" encoding="utf-8"?>
<Project ToolsVersion="4.0" xmlns="http://schemas.microsoft.com/developer/msbuild/2003">
  <ItemGroup>
    <ClCompile Include="src\Level.cpp" />
    <ClCompile Include="src\LevelExit.cpp" />
    <ClCompile Include="src\AudioManager.cpp" />
    <ClCompile Include="src\PauseMenu.cpp" />
    <ClCompile Include="src\PickupHealth.cpp" />
    <ClCompile Include="src\PickupMana.cpp" />
    <ClCompile Include="src\PickupScore.cpp" />
    <ClCompile Include="src\Button.cpp" />
    <ClCompile Include="src\CollisionDetection.cpp" />
    <ClCompile Include="src\Enemy.cpp" />
    <ClCompile Include="src\GameEntryPoint.cpp" />
    <ClCompile Include="src\GameScreen.cpp" />
    <ClCompile Include="src\GameStateManager.cpp" />
    <ClCompile Include="src\MainMenu.cpp" />
    <ClCompile Include="src\Menu.cpp" />
    <ClCompile Include="src\OptionsMenu.cpp" />
    <ClCompile Include="src\Pickup.cpp" />
    <ClCompile Include="src\Player.cpp" />
    <ClCompile Include="src\PlayerInput.cpp" />
    <ClCompile Include="src\Projectile.cpp" />
    <ClCompile Include="src\stdafx.cpp" />
    <ClCompile Include="src\Tile.cpp" />
    <ClCompile Include="src\Spike.cpp" />
  </ItemGroup>
  <ItemGroup>
    <ClInclude Include="include\AudioManager.h" />
    <ClInclude Include="include\Button.h" />
    <ClInclude Include="include\CollisionDetection.h" />
    <ClInclude Include="include\Enemy.h" />
    <ClInclude Include="include\GameEntryPoint.h" />
    <ClInclude Include="include\GameScreen.h" />
    <ClInclude Include="include\GameState.h" />
    <ClInclude Include="include\GameStateManager.h" />
    <ClInclude Include="include\Level.h" />
    <ClInclude Include="include\LevelExit.h" />
    <ClInclude Include="include\MainMenu.h" />
    <ClInclude Include="include\Menu.h" />
    <ClInclude Include="include\OptionsMenu.h" />
    <ClInclude Include="include\PauseMenu.h" />
    <ClInclude Include="include\Pickup.h" />
    <ClInclude Include="include\PickupHealth.h" />
    <ClInclude Include="include\PickupMana.h" />
    <ClInclude Include="include\PickupScore.h" />
    <ClInclude Include="include\Player.h" />
    <ClInclude Include="include\PlayerInput.h" />
    <ClInclude Include="include\Projectile.h" />
    <ClInclude Include="include\stdafx.h" />
    <ClInclude Include="include\Tile.h" />
    <ClInclude Include="include\Spike.h" />
  </ItemGroup>
</Project>